<?xml version="1.0" encoding="utf-8"?>
<Project ToolsVersion="4.0" xmlns="http://schemas.microsoft.com/developer/msbuild/2003">
  <ItemGroup>
    <Filter Include="Source Files">
      <UniqueIdentifier>{4FC737F1-C7A5-4376-A066-2A32D752A2FF}</UniqueIdentifier>
      <Extensions>cpp;c;cc;cxx;c++;cppm;ixx;def;odl;idl;hpj;bat;asm;asmx</Extensions>
    </Filter>
    <Filter Include="Header Files">
      <UniqueIdentifier>{93995380-89BD-4b04-88EB-625FBE52EBFB}</UniqueIdentifier>
      <Extensions>h;hh;hpp;hxx;h++;hm;inl;inc;ipp;xsd</Extensions>
    </Filter>
    <Filter Include="Resource Files">
      <UniqueIdentifier>{67DA6AB6-F800-4c08-8B7A-83BB121AAD01}</UniqueIdentifier>
      <Extensions>rc;ico;cur;bmp;dlg;rc2;rct;bin;rgs;gif;jpg;jpeg;jpe;resx;tiff;tif;png;wav;mfcribbon-ms</Extensions>
    </Filter>
  </ItemGroup>
  <ItemGroup>
    <ClCompile Include="src\main.cpp">
      <Filter>Source Files</Filter>
    </ClCompile>
    <ClCompile Include="src\Sound.cpp">
      <Filter>Source Files</Filter>
    </ClCompile>
    <ClCompile Include="src\SoundMixer.cpp">
      <Filter>Source Files</Filter>
    </ClCompile>
    <ClCompile Include="src\SoundTrack.cpp">
      <Filter>Source Files</Filter>
    </ClCompile>
    <ClCompile Include="src\SpacialSound.cpp">
      <Filter>Source Files</Filter>
    </ClCompile>
    <ClCompile Include="src\Graphics\GUI\RectangleButton.cpp">
      <Filter>Source Files</Filter>
    </ClCompile>
    <ClCompile Include="src\Graphics\GUI\SFButton.cpp">
      <Filter>Source Files</Filter>
    </ClCompile>
    <ClCompile Include="src\Graphics\GUI\RenderObject.cpp">
      <Filter>Source Files</Filter>
    </ClCompile>
    <ClCompile Include="src\Music\Chord.cpp">
      <Filter>Source Files</Filter>
    </ClCompile>
    <ClCompile Include="src\Graphics\SheetMusic\SheetMusicElement.cpp">
      <Filter>Source Files</Filter>
    </ClCompile>
    <ClCompile Include="src\Graphics\SheetMusic\SheetMusicStaff.cpp">
      <Filter>Source Files</Filter>
    </ClCompile>
    <ClCompile Include="src\Graphics\SheetMusic\SheetMusicClef.cpp">
      <Filter>Source Files</Filter>
    </ClCompile>
    <ClCompile Include="src\Graphics\SheetMusic\SheetMusicMeasure.cpp">
      <Filter>Source Files</Filter>
    </ClCompile>
    <ClCompile Include="src\Graphics\SheetMusic\SheetMusicNote.cpp">
      <Filter>Source Files</Filter>
    </ClCompile>
    <ClCompile Include="src\Music\MusicUtilities.cpp">
      <Filter>Source Files</Filter>
    </ClCompile>
    <ClCompile Include="src\Graphics\SheetMusic\SheetMusicAccidental.cpp">
      <Filter>Source Files</Filter>
    </ClCompile>
    <ClCompile Include="src\Graphics\SheetMusic\SheetMusicKeySignature.cpp">
      <Filter>Source Files</Filter>
    </ClCompile>
    <ClCompile Include="src\Graphics\SheetMusic\SheetMusicTimeSignature.cpp">
      <Filter>Source Files</Filter>
    </ClCompile>
    <ClCompile Include="src\Music\SheetMusicUtilities.cpp">
      <Filter>Source Files</Filter>
    </ClCompile>
    <ClCompile Include="src\Graphics\GUI\GUIPanel.cpp">
      <Filter>Source Files</Filter>
    </ClCompile>
    <ClCompile Include="src\Graphics\GUI\GUIUtilities.cpp">
      <Filter>Source Files</Filter>
    </ClCompile>
    <ClCompile Include="src\Graphics\GUI\NullRenderObject.cpp">
      <Filter>Source Files</Filter>
    </ClCompile>
    <ClCompile Include="src\Graphics\GUI\Primitives\Rectangle.cpp">
      <Filter>Source Files</Filter>
    </ClCompile>
    <ClCompile Include="src\Graphics\GUI\Primitives\PrimitiveText.cpp">
      <Filter>Source Files</Filter>
    </ClCompile>
    <ClCompile Include="src\Graphics\ResourceManager.cpp">
      <Filter>Source Files</Filter>
    </ClCompile>
    <ClCompile Include="src\Graphics\GUI\Primitives\PrimitiveRoundRectangle.cpp">
      <Filter>Source Files</Filter>
    </ClCompile>
    <ClCompile Include="src\Graphics\GUI\BoundedFloatSlider.cpp">
      <Filter>Source Files</Filter>
    </ClCompile>
    <ClCompile Include="src\Graphics\GUI\FloatSlider.cpp">
      <Filter>Source Files</Filter>
    </ClCompile>
    <ClCompile Include="src\Graphics\GUI\CircleRingSelect.cpp">
      <Filter>Source Files</Filter>
    </ClCompile>
    <ClCompile Include="src\Graphics\GUI\ToggleBox.cpp">
      <Filter>Source Files</Filter>
    </ClCompile>
    <ClCompile Include="src\Graphics\GameObjects\PlayerObject.cpp">
      <Filter>Source Files</Filter>
    </ClCompile>
    <ClCompile Include="src\Helper\MusicPatternsRefernce.cpp">
      <Filter>Source Files</Filter>
    </ClCompile>
  </ItemGroup>
  <ItemGroup>
    <ClInclude Include="src\HeaderFiles\Sound.h">
      <Filter>Header Files</Filter>
    </ClInclude>
    <ClInclude Include="src\HeaderFiles\SoundMixer.h">
      <Filter>Header Files</Filter>
    </ClInclude>
    <ClInclude Include="src\HeaderFiles\SoundTrack.h">
      <Filter>Header Files</Filter>
    </ClInclude>
    <ClInclude Include="src\HeaderFiles\SpacialSound.h">
      <Filter>Header Files</Filter>
    </ClInclude>
    <ClInclude Include="src\Graphics\GUI\RectangleButton.h">
      <Filter>Header Files</Filter>
    </ClInclude>
    <ClInclude Include="src\Graphics\GUI\SFButton.h">
      <Filter>Header Files</Filter>
    </ClInclude>
    <ClInclude Include="src\Graphics\GUI\RenderObject.h">
      <Filter>Header Files</Filter>
    </ClInclude>
    <ClInclude Include="src\Music\MusicUtilities.h">
      <Filter>Header Files</Filter>
    </ClInclude>
    <ClInclude Include="src\Music\Chord.h">
      <Filter>Header Files</Filter>
    </ClInclude>
    <ClInclude Include="src\Graphics\SheetMusic\SheetMusicElement.h">
      <Filter>Header Files</Filter>
    </ClInclude>
    <ClInclude Include="src\Graphics\SheetMusic\SheetMusicStaff.h">
      <Filter>Header Files</Filter>
    </ClInclude>
    <ClInclude Include="src\Graphics\SheetMusic\SheetMusicClef.h">
      <Filter>Header Files</Filter>
    </ClInclude>
    <ClInclude Include="src\Graphics\SheetMusic\SheetMusicMeasure.h">
      <Filter>Header Files</Filter>
    </ClInclude>
    <ClInclude Include="src\Graphics\SheetMusic\SheetMusicNote.h">
      <Filter>Header Files</Filter>
    </ClInclude>
    <ClInclude Include="src\Graphics\SheetMusic\SheetMusicAccidental.h">
      <Filter>Header Files</Filter>
    </ClInclude>
    <ClInclude Include="src\Graphics\SheetMusic\SheetMusicKeySignature.h">
      <Filter>Header Files</Filter>
    </ClInclude>
    <ClInclude Include="src\Graphics\SheetMusic\SheetMusicTimeSignature.h">
      <Filter>Header Files</Filter>
    </ClInclude>
    <ClInclude Include="src\Music\SheetMusicUtilities.h">
      <Filter>Header Files</Filter>
    </ClInclude>
    <ClInclude Include="src\Graphics\GUI\GUIPanel.h">
      <Filter>Header Files</Filter>
    </ClInclude>
    <ClInclude Include="src\Graphics\GUI\GUIUtilities.h">
      <Filter>Header Files</Filter>
    </ClInclude>
    <ClInclude Include="src\Graphics\GUI\NullRenderObject.h">
      <Filter>Header Files</Filter>
    </ClInclude>
    <ClInclude Include="src\Graphics\GUI\Primitives\Rectangle.h">
      <Filter>Header Files</Filter>
    </ClInclude>
    <ClInclude Include="src\Graphics\GUI\Primitives\PrimitiveText.h">
      <Filter>Header Files</Filter>
    </ClInclude>
    <ClInclude Include="src\Graphics\ResourceManager.h">
      <Filter>Header Files</Filter>
    </ClInclude>
    <ClInclude Include="src\Graphics\GUI\Primitives\PrimitiveRoundRectangle.h">
      <Filter>Header Files</Filter>
    </ClInclude>
    <ClInclude Include="src\Graphics\GUI\TextBox.h">
      <Filter>Header Files</Filter>
    </ClInclude>
    <ClInclude Include="src\Graphics\GUI\BoundedFloatSlider.h">
      <Filter>Header Files</Filter>
    </ClInclude>
    <ClInclude Include="src\Graphics\GUI\FloatSlider.h">
      <Filter>Header Files</Filter>
    </ClInclude>
    <ClInclude Include="src\Graphics\GUI\CircleRingSelect.h">
      <Filter>Header Files</Filter>
    </ClInclude>
    <ClInclude Include="src\Graphics\GUI\ToggleBox.h">
      <Filter>Header Files</Filter>
    </ClInclude>
    <ClInclude Include="src\Graphics\GameObjects\PlayerObject.h">
      <Filter>Header Files</Filter>
    </ClInclude>
    <ClInclude Include="src\Graphics\GameObjects\AnimationUtilities.h">
      <Filter>Header Files</Filter>
    </ClInclude>
    <ClInclude Include="src\Helper\RenderUtilities.h">
      <Filter>Header Files</Filter>
    </ClInclude>
  </ItemGroup>
</Project>